
Microsoft Visual Studio Solution File, Format Version 12.00
# Visual Studio Version 17
VisualStudioVersion = 17.9.34728.123
MinimumVisualStudioVersion = 10.0.40219.1
Project("{9A19103F-16F7-4668-BE54-9A1E7A4F7556}") = "Cesar_API", "Cesar_API\Cesar_API.csproj", "{1F2076E2-7659-447F-9F6E-F0A0DFDBBD96}"
EndProject
Project("{9A19103F-16F7-4668-BE54-9A1E7A4F7556}") = "BLL", "BLL\BLL.csproj", "{D8C5F589-1801-45A7-8DA9-12C646E6A4FD}"
EndProject
Project("{9A19103F-16F7-4668-BE54-9A1E7A4F7556}") = "DLL", "DLL\DLL.csproj", "{AB2C34D2-8DEB-4817-B106-90DB44AE2A7E}"
EndProject
Global
	GlobalSection(SolutionConfigurationPlatforms) = preSolution
		Debug|Any CPU = Debug|Any CPU
		Release|Any CPU = Release|Any CPU
	EndGlobalSection
	GlobalSection(ProjectConfigurationPlatforms) = postSolution
		{1F2076E2-7659-447F-9F6E-F0A0DFDBBD96}.Debug|Any CPU.ActiveCfg = Debug|Any CPU
		{1F2076E2-7659-447F-9F6E-F0A0DFDBBD96}.Debug|Any CPU.Build.0 = Debug|Any CPU
		{1F2076E2-7659-447F-9F6E-F0A0DFDBBD96}.Release|Any CPU.ActiveCfg = Release|Any CPU
		{1F2076E2-7659-447F-9F6E-F0A0DFDBBD96}.Release|Any CPU.Build.0 = Release|Any CPU
		{D8C5F589-1801-45A7-8DA9-12C646E6A4FD}.Debug|Any CPU.ActiveCfg = Debug|Any CPU
		{D8C5F589-1801-45A7-8DA9-12C646E6A4FD}.Debug|Any CPU.Build.0 = Debug|Any CPU
		{D8C5F589-1801-45A7-8DA9-12C646E6A4FD}.Release|Any CPU.ActiveCfg = Release|Any CPU
		{D8C5F589-1801-45A7-8DA9-12C646E6A4FD}.Release|Any CPU.Build.0 = Release|Any CPU
		{AB2C34D2-8DEB-4817-B106-90DB44AE2A7E}.Debug|Any CPU.ActiveCfg = Debug|Any CPU
		{AB2C34D2-8DEB-4817-B106-90DB44AE2A7E}.Debug|Any CPU.Build.0 = Debug|Any CPU
		{AB2C34D2-8DEB-4817-B106-90DB44AE2A7E}.Release|Any CPU.ActiveCfg = Release|Any CPU
		{AB2C34D2-8DEB-4817-B106-90DB44AE2A7E}.Release|Any CPU.Build.0 = Release|Any CPU
	EndGlobalSection
	GlobalSection(SolutionProperties) = preSolution
		HideSolutionNode = FALSE
	EndGlobalSection
	GlobalSection(ExtensibilityGlobals) = postSolution
		SolutionGuid = {D0853CDC-14E6-46A3-BBE3-AB1FEB2700D4}
	EndGlobalSection
EndGlobal
